
Microsoft Visual Studio Solution File, Format Version 12.00
# Visual Studio Version 16
VisualStudioVersion = 16.0.30011.22
MinimumVisualStudioVersion = 10.0.40219.1
Project("{8BC9CEB8-8B4A-11D0-8D11-00A0C91BC942}") = "cs288_u3.2_DavidFinger", "cs288_u3.2_DavidFinger.vcxproj", "{C9014CCE-008D-4F9B-8F33-B50DA631DCCA}"
EndProject
Global
	GlobalSection(SolutionConfigurationPlatforms) = preSolution
		Debug|x64 = Debug|x64
		Debug|x86 = Debug|x86
		Release|x64 = Release|x64
		Release|x86 = Release|x86
	EndGlobalSection
	GlobalSection(ProjectConfigurationPlatforms) = postSolution
		{C9014CCE-008D-4F9B-8F33-B50DA631DCCA}.Debug|x64.ActiveCfg = Debug|x64
		{C9014CCE-008D-4F9B-8F33-B50DA631DCCA}.Debug|x64.Build.0 = Debug|x64
		{C9014CCE-008D-4F9B-8F33-B50DA631DCCA}.Debug|x86.ActiveCfg = Debug|Win32
		{C9014CCE-008D-4F9B-8F33-B50DA631DCCA}.Debug|x86.Build.0 = Debug|Win32
		{C9014CCE-008D-4F9B-8F33-B50DA631DCCA}.Release|x64.ActiveCfg = Release|x64
		{C9014CCE-008D-4F9B-8F33-B50DA631DCCA}.Release|x64.Build.0 = Release|x64
		{C9014CCE-008D-4F9B-8F33-B50DA631DCCA}.Release|x86.ActiveCfg = Release|Win32
		{C9014CCE-008D-4F9B-8F33-B50DA631DCCA}.Release|x86.Build.0 = Release|Win32
	EndGlobalSection
	GlobalSection(SolutionProperties) = preSolution
		HideSolutionNode = FALSE
	EndGlobalSection
	GlobalSection(ExtensibilityGlobals) = postSolution
		SolutionGuid = {9F819BBD-C7B6-4D31-93C7-948AEC4F9915}
	EndGlobalSection
EndGlobal
